// !$*UTF8*$!
{
	archiveVersion = 1;
	classes = {
	};
	objectVersion = 46;
	objects = {

/* Begin PBXBuildFile section */
		C506334F1D0EE4B50013E227 /* AppDelegate.swift in Sources */ = {isa = PBXBuildFile; fileRef = C506334E1D0EE4B50013E227 /* AppDelegate.swift */; };
		C50633511D0EE4B50013E227 /* ViewController.swift in Sources */ = {isa = PBXBuildFile; fileRef = C50633501D0EE4B50013E227 /* ViewController.swift */; };
		C50633541D0EE4B50013E227 /* Main.storyboard in Resources */ = {isa = PBXBuildFile; fileRef = C50633521D0EE4B50013E227 /* Main.storyboard */; };
		C50633561D0EE4B50013E227 /* Assets.xcassets in Resources */ = {isa = PBXBuildFile; fileRef = C50633551D0EE4B50013E227 /* Assets.xcassets */; };
		C50633591D0EE4B50013E227 /* LaunchScreen.storyboard in Resources */ = {isa = PBXBuildFile; fileRef = C50633571D0EE4B50013E227 /* LaunchScreen.storyboard */; };
		C50633641D0EE4B50013E227 /* MyLittleMonsterTests.swift in Sources */ = {isa = PBXBuildFile; fileRef = C50633631D0EE4B50013E227 /* MyLittleMonsterTests.swift */; };
		C506336F1D0EE4B50013E227 /* MyLittleMonsterUITests.swift in Sources */ = {isa = PBXBuildFile; fileRef = C506336E1D0EE4B50013E227 /* MyLittleMonsterUITests.swift */; };
		C50633801D0EE5B50013E227 /* cave-music.mp3 in Resources */ = {isa = PBXBuildFile; fileRef = C506337C1D0EE5B50013E227 /* cave-music.mp3 */; };
		C50633811D0EE5B50013E227 /* death.wav in Resources */ = {isa = PBXBuildFile; fileRef = C506337D1D0EE5B50013E227 /* death.wav */; };
		C50633821D0EE5B50013E227 /* heart.wav in Resources */ = {isa = PBXBuildFile; fileRef = C506337E1D0EE5B50013E227 /* heart.wav */; };
		C50633831D0EE5B50013E227 /* skull.wav in Resources */ = {isa = PBXBuildFile; fileRef = C506337F1D0EE5B50013E227 /* skull.wav */; };
		C50633851D0F02C90013E227 /* dragimage.swift in Sources */ = {isa = PBXBuildFile; fileRef = C50633841D0F02C90013E227 /* dragimage.swift */; };
		C50633871D0F152B0013E227 /* MonsterImg.swift in Sources */ = {isa = PBXBuildFile; fileRef = C50633861D0F152B0013E227 /* MonsterImg.swift */; };
		C50633891D0F7D300013E227 /* bite.wav in Resources */ = {isa = PBXBuildFile; fileRef = C50633881D0F7D300013E227 /* bite.wav */; };
/* End PBXBuildFile section */

/* Begin PBXContainerItemProxy section */
		C50633601D0EE4B50013E227 /* PBXContainerItemProxy */ = {
			isa = PBXContainerItemProxy;
			containerPortal = C50633431D0EE4B40013E227 /* Project object */;
			proxyType = 1;
			remoteGlobalIDString = C506334A1D0EE4B50013E227;
			remoteInfo = MyLittleMonster;
		};
		C506336B1D0EE4B50013E227 /* PBXContainerItemProxy */ = {
			isa = PBXContainerItemProxy;
			containerPortal = C50633431D0EE4B40013E227 /* Project object */;
			proxyType = 1;
			remoteGlobalIDString = C506334A1D0EE4B50013E227;
			remoteInfo = MyLittleMonster;
		};
/* End PBXContainerItemProxy section */

/* Begin PBXFileReference section */
		C506334B1D0EE4B50013E227 /* MyLittleMonster.app */ = {isa = PBXFileReference; explicitFileType = wrapper.application; includeInIndex = 0; path = MyLittleMonster.app; sourceTree = BUILT_PRODUCTS_DIR; };
		C506334E1D0EE4B50013E227 /* AppDelegate.swift */ = {isa = PBXFileReference; lastKnownFileType = sourcecode.swift; path = AppDelegate.swift; sourceTree = "<group>"; };
		C50633501D0EE4B50013E227 /* ViewController.swift */ = {isa = PBXFileReference; lastKnownFileType = sourcecode.swift; path = ViewController.swift; sourceTree = "<group>"; };
		C50633531D0EE4B50013E227 /* Base */ = {isa = PBXFileReference; lastKnownFileType = file.storyboard; name = Base; path = Base.lproj/Main.storyboard; sourceTree = "<group>"; };
		C50633551D0EE4B50013E227 /* Assets.xcassets */ = {isa = PBXFileReference; lastKnownFileType = folder.assetcatalog; path = Assets.xcassets; sourceTree = "<group>"; };
		C50633581D0EE4B50013E227 /* Base */ = {isa = PBXFileReference; lastKnownFileType = file.storyboard; name = Base; path = Base.lproj/LaunchScreen.storyboard; sourceTree = "<group>"; };
		C506335A1D0EE4B50013E227 /* Info.plist */ = {isa = PBXFileReference; lastKnownFileType = text.plist.xml; path = Info.plist; sourceTree = "<group>"; };
		C506335F1D0EE4B50013E227 /* MyLittleMonsterTests.xctest */ = {isa = PBXFileReference; explicitFileType = wrapper.cfbundle; includeInIndex = 0; path = MyLittleMonsterTests.xctest; sourceTree = BUILT_PRODUCTS_DIR; };
		C50633631D0EE4B50013E227 /* MyLittleMonsterTests.swift */ = {isa = PBXFileReference; lastKnownFileType = sourcecode.swift; path = MyLittleMonsterTests.swift; sourceTree = "<group>"; };
		C50633651D0EE4B50013E227 /* Info.plist */ = {isa = PBXFileReference; lastKnownFileType = text.plist.xml; path = Info.plist; sourceTree = "<group>"; };
		C506336A1D0EE4B50013E227 /* MyLittleMonsterUITests.xctest */ = {isa = PBXFileReference; explicitFileType = wrapper.cfbundle; includeInIndex = 0; path = MyLittleMonsterUITests.xctest; sourceTree = BUILT_PRODUCTS_DIR; };
		C506336E1D0EE4B50013E227 /* MyLittleMonsterUITests.swift */ = {isa = PBXFileReference; lastKnownFileType = sourcecode.swift; path = MyLittleMonsterUITests.swift; sourceTree = "<group>"; };
		C50633701D0EE4B60013E227 /* Info.plist */ = {isa = PBXFileReference; lastKnownFileType = text.plist.xml; path = Info.plist; sourceTree = "<group>"; };
		C506337C1D0EE5B50013E227 /* cave-music.mp3 */ = {isa = PBXFileReference; lastKnownFileType = audio.mp3; path = "cave-music.mp3"; sourceTree = "<group>"; };
		C506337D1D0EE5B50013E227 /* death.wav */ = {isa = PBXFileReference; lastKnownFileType = audio.wav; path = death.wav; sourceTree = "<group>"; };
		C506337E1D0EE5B50013E227 /* heart.wav */ = {isa = PBXFileReference; lastKnownFileType = audio.wav; path = heart.wav; sourceTree = "<group>"; };
		C506337F1D0EE5B50013E227 /* skull.wav */ = {isa = PBXFileReference; lastKnownFileType = audio.wav; path = skull.wav; sourceTree = "<group>"; };
		C50633841D0F02C90013E227 /* dragimage.swift */ = {isa = PBXFileReference; fileEncoding = 4; lastKnownFileType = sourcecode.swift; path = dragimage.swift; sourceTree = "<group>"; };
		C50633861D0F152B0013E227 /* MonsterImg.swift */ = {isa = PBXFileReference; fileEncoding = 4; lastKnownFileType = sourcecode.swift; path = MonsterImg.swift; sourceTree = "<group>"; };
		C50633881D0F7D300013E227 /* bite.wav */ = {isa = PBXFileReference; lastKnownFileType = audio.wav; path = bite.wav; sourceTree = "<group>"; };
/* End PBXFileReference section */

/* Begin PBXFrameworksBuildPhase section */
		C50633481D0EE4B50013E227 /* Frameworks */ = {
			isa = PBXFrameworksBuildPhase;
			buildActionMask = 2147483647;
			files = (
			);
			runOnlyForDeploymentPostprocessing = 0;
		};
		C506335C1D0EE4B50013E227 /* Frameworks */ = {
			isa = PBXFrameworksBuildPhase;
			buildActionMask = 2147483647;
			files = (
			);
			runOnlyForDeploymentPostprocessing = 0;
		};
		C50633671D0EE4B50013E227 /* Frameworks */ = {
			isa = PBXFrameworksBuildPhase;
			buildActionMask = 2147483647;
			files = (
			);
			runOnlyForDeploymentPostprocessing = 0;
		};
/* End PBXFrameworksBuildPhase section */

/* Begin PBXGroup section */
		C50633421D0EE4B40013E227 = {
			isa = PBXGroup;
			children = (
				C506334D1D0EE4B50013E227 /* MyLittleMonster */,
				C50633621D0EE4B50013E227 /* MyLittleMonsterTests */,
				C506336D1D0EE4B50013E227 /* MyLittleMonsterUITests */,
				C506334C1D0EE4B50013E227 /* Products */,
			);
			sourceTree = "<group>";
		};
		C506334C1D0EE4B50013E227 /* Products */ = {
			isa = PBXGroup;
			children = (
				C506334B1D0EE4B50013E227 /* MyLittleMonster.app */,
				C506335F1D0EE4B50013E227 /* MyLittleMonsterTests.xctest */,
				C506336A1D0EE4B50013E227 /* MyLittleMonsterUITests.xctest */,
			);
			name = Products;
			sourceTree = "<group>";
		};
		C506334D1D0EE4B50013E227 /* MyLittleMonster */ = {
			isa = PBXGroup;
			children = (
				C506337C1D0EE5B50013E227 /* cave-music.mp3 */,
				C506337D1D0EE5B50013E227 /* death.wav */,
				C506337E1D0EE5B50013E227 /* heart.wav */,
				C50633881D0F7D300013E227 /* bite.wav */,
				C506337F1D0EE5B50013E227 /* skull.wav */,
				C506334E1D0EE4B50013E227 /* AppDelegate.swift */,
				C50633501D0EE4B50013E227 /* ViewController.swift */,
				C50633521D0EE4B50013E227 /* Main.storyboard */,
				C50633551D0EE4B50013E227 /* Assets.xcassets */,
				C50633571D0EE4B50013E227 /* LaunchScreen.storyboard */,
				C506335A1D0EE4B50013E227 /* Info.plist */,
				C50633841D0F02C90013E227 /* dragimage.swift */,
				C50633861D0F152B0013E227 /* MonsterImg.swift */,
			);
			path = MyLittleMonster;
			sourceTree = "<group>";
		};
		C50633621D0EE4B50013E227 /* MyLittleMonsterTests */ = {
			isa = PBXGroup;
			children = (
				C50633631D0EE4B50013E227 /* MyLittleMonsterTests.swift */,
				C50633651D0EE4B50013E227 /* Info.plist */,
			);
			path = MyLittleMonsterTests;
			sourceTree = "<group>";
		};
		C506336D1D0EE4B50013E227 /* MyLittleMonsterUITests */ = {
			isa = PBXGroup;
			children = (
				C506336E1D0EE4B50013E227 /* MyLittleMonsterUITests.swift */,
				C50633701D0EE4B60013E227 /* Info.plist */,
			);
			path = MyLittleMonsterUITests;
			sourceTree = "<group>";
		};
/* End PBXGroup section */

/* Begin PBXNativeTarget section */
		C506334A1D0EE4B50013E227 /* MyLittleMonster */ = {
			isa = PBXNativeTarget;
			buildConfigurationList = C50633731D0EE4B60013E227 /* Build configuration list for PBXNativeTarget "MyLittleMonster" */;
			buildPhases = (
				C50633471D0EE4B50013E227 /* Sources */,
				C50633481D0EE4B50013E227 /* Frameworks */,
				C50633491D0EE4B50013E227 /* Resources */,
			);
			buildRules = (
			);
			dependencies = (
			);
			name = MyLittleMonster;
			productName = MyLittleMonster;
			productReference = C506334B1D0EE4B50013E227 /* MyLittleMonster.app */;
			productType = "com.apple.product-type.application";
		};
		C506335E1D0EE4B50013E227 /* MyLittleMonsterTests */ = {
			isa = PBXNativeTarget;
			buildConfigurationList = C50633761D0EE4B60013E227 /* Build configuration list for PBXNativeTarget "MyLittleMonsterTests" */;
			buildPhases = (
				C506335B1D0EE4B50013E227 /* Sources */,
				C506335C1D0EE4B50013E227 /* Frameworks */,
				C506335D1D0EE4B50013E227 /* Resources */,
			);
			buildRules = (
			);
			dependencies = (
				C50633611D0EE4B50013E227 /* PBXTargetDependency */,
			);
			name = MyLittleMonsterTests;
			productName = MyLittleMonsterTests;
			productReference = C506335F1D0EE4B50013E227 /* MyLittleMonsterTests.xctest */;
			productType = "com.apple.product-type.bundle.unit-test";
		};
		C50633691D0EE4B50013E227 /* MyLittleMonsterUITests */ = {
			isa = PBXNativeTarget;
			buildConfigurationList = C50633791D0EE4B60013E227 /* Build configuration list for PBXNativeTarget "MyLittleMonsterUITests" */;
			buildPhases = (
				C50633661D0EE4B50013E227 /* Sources */,
				C50633671D0EE4B50013E227 /* Frameworks */,
				C50633681D0EE4B50013E227 /* Resources */,
			);
			buildRules = (
			);
			dependencies = (
				C506336C1D0EE4B50013E227 /* PBXTargetDependency */,
			);
			name = MyLittleMonsterUITests;
			productName = MyLittleMonsterUITests;
			productReference = C506336A1D0EE4B50013E227 /* MyLittleMonsterUITests.xctest */;
			productType = "com.apple.product-type.bundle.ui-testing";
		};
/* End PBXNativeTarget section */

/* Begin PBXProject section */
		C50633431D0EE4B40013E227 /* Project object */ = {
			isa = PBXProject;
			attributes = {
				LastSwiftUpdateCheck = 0730;
				LastUpgradeCheck = 0730;
				ORGANIZATIONNAME = Bem;
				TargetAttributes = {
					C506334A1D0EE4B50013E227 = {
						CreatedOnToolsVersion = 7.3.1;
					};
					C506335E1D0EE4B50013E227 = {
						CreatedOnToolsVersion = 7.3.1;
						TestTargetID = C506334A1D0EE4B50013E227;
					};
					C50633691D0EE4B50013E227 = {
						CreatedOnToolsVersion = 7.3.1;
						TestTargetID = C506334A1D0EE4B50013E227;
					};
				};
			};
			buildConfigurationList = C50633461D0EE4B40013E227 /* Build configuration list for PBXProject "MyLittleMonster" */;
			compatibilityVersion = "Xcode 3.2";
			developmentRegion = English;
			hasScannedForEncodings = 0;
			knownRegions = (
				en,
				Base,
			);
			mainGroup = C50633421D0EE4B40013E227;
			productRefGroup = C506334C1D0EE4B50013E227 /* Products */;
			projectDirPath = "";
			projectRoot = "";
			targets = (
				C506334A1D0EE4B50013E227 /* MyLittleMonster */,
				C506335E1D0EE4B50013E227 /* MyLittleMonsterTests */,
				C50633691D0EE4B50013E227 /* MyLittleMonsterUITests */,
			);
		};
/* End PBXProject section */

/* Begin PBXResourcesBuildPhase section */
		C50633491D0EE4B50013E227 /* Resources */ = {
			isa = PBXResourcesBuildPhase;
			buildActionMask = 2147483647;
			files = (
				C50633891D0F7D300013E227 /* bite.wav in Resources */,
				C50633811D0EE5B50013E227 /* death.wav in Resources */,
				C50633821D0EE5B50013E227 /* heart.wav in Resources */,
				C50633831D0EE5B50013E227 /* skull.wav in Resources */,
				C50633591D0EE4B50013E227 /* LaunchScreen.storyboard in Resources */,
				C50633801D0EE5B50013E227 /* cave-music.mp3 in Resources */,
				C50633561D0EE4B50013E227 /* Assets.xcassets in Resources */,
				C50633541D0EE4B50013E227 /* Main.storyboard in Resources */,
			);
			runOnlyForDeploymentPostprocessing = 0;
		};
		C506335D1D0EE4B50013E227 /* Resources */ = {
			isa = PBXResourcesBuildPhase;
			buildActionMask = 2147483647;
			files = (
			);
			runOnlyForDeploymentPostprocessing = 0;
		};
		C50633681D0EE4B50013E227 /* Resources */ = {
			isa = PBXResourcesBuildPhase;
			buildActionMask = 2147483647;
			files = (
			);
			runOnlyForDeploymentPostprocessing = 0;
		};
/* End PBXResourcesBuildPhase section */

/* Begin PBXSourcesBuildPhase section */
		C50633471D0EE4B50013E227 /* Sources */ = {
			isa = PBXSourcesBuildPhase;
			buildActionMask = 2147483647;
			files = (
				C50633871D0F152B0013E227 /* MonsterImg.swift in Sources */,
				C50633511D0EE4B50013E227 /* ViewController.swift in Sources */,
				C506334F1D0EE4B50013E227 /* AppDelegate.swift in Sources */,
				C50633851D0F02C90013E227 /* dragimage.swift in Sources */,
			);
			runOnlyForDeploymentPostprocessing = 0;
		};
		C506335B1D0EE4B50013E227 /* Sources */ = {
			isa = PBXSourcesBuildPhase;
			buildActionMask = 2147483647;
			files = (
				C50633641D0EE4B50013E227 /* MyLittleMonsterTests.swift in Sources */,
			);
			runOnlyForDeploymentPostprocessing = 0;
		};
		C50633661D0EE4B50013E227 /* Sources */ = {
			isa = PBXSourcesBuildPhase;
			buildActionMask = 2147483647;
			files = (
				C506336F1D0EE4B50013E227 /* MyLittleMonsterUITests.swift in Sources */,
			);
			runOnlyForDeploymentPostprocessing = 0;
		};
/* End PBXSourcesBuildPhase section */

/* Begin PBXTargetDependency section */
		C50633611D0EE4B50013E227 /* PBXTargetDependency */ = {
			isa = PBXTargetDependency;
			target = C506334A1D0EE4B50013E227 /* MyLittleMonster */;
			targetProxy = C50633601D0EE4B50013E227 /* PBXContainerItemProxy */;
		};
		C506336C1D0EE4B50013E227 /* PBXTargetDependency */ = {
			isa = PBXTargetDependency;
			target = C506334A1D0EE4B50013E227 /* MyLittleMonster */;
			targetProxy = C506336B1D0EE4B50013E227 /* PBXContainerItemProxy */;
		};
/* End PBXTargetDependency section */

/* Begin PBXVariantGroup section */
		C50633521D0EE4B50013E227 /* Main.storyboard */ = {
			isa = PBXVariantGroup;
			children = (
				C50633531D0EE4B50013E227 /* Base */,
			);
			name = Main.storyboard;
			sourceTree = "<group>";
		};
		C50633571D0EE4B50013E227 /* LaunchScreen.storyboard */ = {
			isa = PBXVariantGroup;
			children = (
				C50633581D0EE4B50013E227 /* Base */,
			);
			name = LaunchScreen.storyboard;
			sourceTree = "<group>";
		};
/* End PBXVariantGroup section */

/* Begin XCBuildConfiguration section */
		C50633711D0EE4B60013E227 /* Debug */ = {
			isa = XCBuildConfiguration;
			buildSettings = {
				ALWAYS_SEARCH_USER_PATHS = NO;
				CLANG_ANALYZER_NONNULL = YES;
				CLANG_CXX_LANGUAGE_STANDARD = "gnu++0x";
				CLANG_CXX_LIBRARY = "libc++";
				CLANG_ENABLE_MODULES = YES;
				CLANG_ENABLE_OBJC_ARC = YES;
				CLANG_WARN_BOOL_CONVERSION = YES;
				CLANG_WARN_CONSTANT_CONVERSION = YES;
				CLANG_WARN_DIRECT_OBJC_ISA_USAGE = YES_ERROR;
				CLANG_WARN_EMPTY_BODY = YES;
				CLANG_WARN_ENUM_CONVERSION = YES;
				CLANG_WARN_INT_CONVERSION = YES;
				CLANG_WARN_OBJC_ROOT_CLASS = YES_ERROR;
				CLANG_WARN_UNREACHABLE_CODE = YES;
				CLANG_WARN__DUPLICATE_METHOD_MATCH = YES;
				"CODE_SIGN_IDENTITY[sdk=iphoneos*]" = "iPhone Developer";
				COPY_PHASE_STRIP = NO;
				DEBUG_INFORMATION_FORMAT = dwarf;
				ENABLE_STRICT_OBJC_MSGSEND = YES;
				ENABLE_TESTABILITY = YES;
				GCC_C_LANGUAGE_STANDARD = gnu99;
				GCC_DYNAMIC_NO_PIC = NO;
				GCC_NO_COMMON_BLOCKS = YES;
				GCC_OPTIMIZATION_LEVEL = 0;
				GCC_PREPROCESSOR_DEFINITIONS = (
					"DEBUG=1",
					"$(inherited)",
				);
				GCC_WARN_64_TO_32_BIT_CONVERSION = YES;
				GCC_WARN_ABOUT_RETURN_TYPE = YES_ERROR;
				GCC_WARN_UNDECLARED_SELECTOR = YES;
				GCC_WARN_UNINITIALIZED_AUTOS = YES_AGGRESSIVE;
				GCC_WARN_UNUSED_FUNCTION = YES;
				GCC_WARN_UNUSED_VARIABLE = YES;
				IPHONEOS_DEPLOYMENT_TARGET = 9.3;
				MTL_ENABLE_DEBUG_INFO = YES;
				ONLY_ACTIVE_ARCH = YES;
				SDKROOT = iphoneos;
				SWIFT_OPTIMIZATION_LEVEL = "-Onone";
			};
			name = Debug;
		};
		C50633721D0EE4B60013E227 /* Release */ = {
			isa = XCBuildConfiguration;
			buildSettings = {
				ALWAYS_SEARCH_USER_PATHS = NO;
				CLANG_ANALYZER_NONNULL = YES;
				CLANG_CXX_LANGUAGE_STANDARD = "gnu++0x";
				CLANG_CXX_LIBRARY = "libc++";
				CLANG_ENABLE_MODULES = YES;
				CLANG_ENABLE_OBJC_ARC = YES;
				CLANG_WARN_BOOL_CONVERSION = YES;
				CLANG_WARN_CONSTANT_CONVERSION = YES;
				CLANG_WARN_DIRECT_OBJC_ISA_USAGE = YES_ERROR;
				CLANG_WARN_EMPTY_BODY = YES;
				CLANG_WARN_ENUM_CONVERSION = YES;
				CLANG_WARN_INT_CONVERSION = YES;
				CLANG_WARN_OBJC_ROOT_CLASS = YES_ERROR;
				CLANG_WARN_UNREACHABLE_CODE = YES;
				CLANG_WARN__DUPLICATE_METHOD_MATCH = YES;
				"CODE_SIGN_IDENTITY[sdk=iphoneos*]" = "iPhone Developer";
				COPY_PHASE_STRIP = NO;
				DEBUG_INFORMATION_FORMAT = "dwarf-with-dsym";
				ENABLE_NS_ASSERTIONS = NO;
				ENABLE_STRICT_OBJC_MSGSEND = YES;
				GCC_C_LANGUAGE_STANDARD = gnu99;
				GCC_NO_COMMON_BLOCKS = YES;
				GCC_WARN_64_TO_32_BIT_CONVERSION = YES;
				GCC_WARN_ABOUT_RETURN_TYPE = YES_ERROR;
				GCC_WARN_UNDECLARED_SELECTOR = YES;
				GCC_WARN_UNINITIALIZED_AUTOS = YES_AGGRESSIVE;
				GCC_WARN_UNUSED_FUNCTION = YES;
				GCC_WARN_UNUSED_VARIABLE = YES;
				IPHONEOS_DEPLOYMENT_TARGET = 9.3;
				MTL_ENABLE_DEBUG_INFO = NO;
				SDKROOT = iphoneos;
				VALIDATE_PRODUCT = YES;
			};
			name = Release;
		};
		C50633741D0EE4B60013E227 /* Debug */ = {
			isa = XCBuildConfiguration;
			buildSettings = {
				ASSETCATALOG_COMPILER_APPICON_NAME = AppIcon;
				INFOPLIST_FILE = MyLittleMonster/Info.plist;
				LD_RUNPATH_SEARCH_PATHS = "$(inherited) @executable_path/Frameworks";
				PRODUCT_BUNDLE_IDENTIFIER = com.bemiltonsuero.MyLittleMonster;
				PRODUCT_NAME = "$(TARGET_NAME)";
				TARGETED_DEVICE_FAMILY = "1,2";
			};
			name = Debug;
		};
		C50633751D0EE4B60013E227 /* Release */ = {
			isa = XCBuildConfiguration;
			buildSettings = {
				ASSETCATALOG_COMPILER_APPICON_NAME = AppIcon;
				INFOPLIST_FILE = MyLittleMonster/Info.plist;
				LD_RUNPATH_SEARCH_PATHS = "$(inherited) @executable_path/Frameworks";
				PRODUCT_BUNDLE_IDENTIFIER = com.bemiltonsuero.MyLittleMonster;
				PRODUCT_NAME = "$(TARGET_NAME)";
				TARGETED_DEVICE_FAMILY = "1,2";
			};
			name = Release;
		};
		C50633771D0EE4B60013E227 /* Debug */ = {
			isa = XCBuildConfiguration;
			buildSettings = {
				BUNDLE_LOADER = "$(TEST_HOST)";
				INFOPLIST_FILE = MyLittleMonsterTests/Info.plist;
				LD_RUNPATH_SEARCH_PATHS = "$(inherited) @executable_path/Frameworks @loader_path/Frameworks";
				PRODUCT_BUNDLE_IDENTIFIER = com.bemiltonsuero.MyLittleMonsterTests;
				PRODUCT_NAME = "$(TARGET_NAME)";
				TEST_HOST = "$(BUILT_PRODUCTS_DIR)/MyLittleMonster.app/MyLittleMonster";
			};
			name = Debug;
		};
		C50633781D0EE4B60013E227 /* Release */ = {
			isa = XCBuildConfiguration;
			buildSettings = {
				BUNDLE_LOADER = "$(TEST_HOST)";
				INFOPLIST_FILE = MyLittleMonsterTests/Info.plist;
				LD_RUNPATH_SEARCH_PATHS = "$(inherited) @executable_path/Frameworks @loader_path/Frameworks";
				PRODUCT_BUNDLE_IDENTIFIER = com.bemiltonsuero.MyLittleMonsterTests;
				PRODUCT_NAME = "$(TARGET_NAME)";
				TEST_HOST = "$(BUILT_PRODUCTS_DIR)/MyLittleMonster.app/MyLittleMonster";
			};
			name = Release;
		};
		C506337A1D0EE4B60013E227 /* Debug */ = {
			isa = XCBuildConfiguration;
			buildSettings = {
				INFOPLIST_FILE = MyLittleMonsterUITests/Info.plist;
				LD_RUNPATH_SEARCH_PATHS = "$(inherited) @executable_path/Frameworks @loader_path/Frameworks";
				PRODUCT_BUNDLE_IDENTIFIER = com.bemiltonsuero.MyLittleMonsterUITests;
				PRODUCT_NAME = "$(TARGET_NAME)";
				TEST_TARGET_NAME = MyLittleMonster;
			};
			name = Debug;
		};
		C506337B1D0EE4B60013E227 /* Release */ = {
			isa = XCBuildConfiguration;
			buildSettings = {
				INFOPLIST_FILE = MyLittleMonsterUITests/Info.plist;
				LD_RUNPATH_SEARCH_PATHS = "$(inherited) @executable_path/Frameworks @loader_path/Frameworks";
				PRODUCT_BUNDLE_IDENTIFIER = com.bemiltonsuero.MyLittleMonsterUITests;
				PRODUCT_NAME = "$(TARGET_NAME)";
				TEST_TARGET_NAME = MyLittleMonster;
			};
			name = Release;
		};
/* End XCBuildConfiguration section */

/* Begin XCConfigurationList section */
		C50633461D0EE4B40013E227 /* Build configuration list for PBXProject "MyLittleMonster" */ = {
			isa = XCConfigurationList;
			buildConfigurations = (
				C50633711D0EE4B60013E227 /* Debug */,
				C50633721D0EE4B60013E227 /* Release */,
			);
			defaultConfigurationIsVisible = 0;
			defaultConfigurationName = Release;
		};
		C50633731D0EE4B60013E227 /* Build configuration list for PBXNativeTarget "MyLittleMonster" */ = {
			isa = XCConfigurationList;
			buildConfigurations = (
				C50633741D0EE4B60013E227 /* Debug */,
				C50633751D0EE4B60013E227 /* Release */,
			);
			defaultConfigurationIsVisible = 0;
		};
		C50633761D0EE4B60013E227 /* Build configuration list for PBXNativeTarget "MyLittleMonsterTests" */ = {
			isa = XCConfigurationList;
			buildConfigurations = (
				C50633771D0EE4B60013E227 /* Debug */,
				C50633781D0EE4B60013E227 /* Release */,
			);
			defaultConfigurationIsVisible = 0;
		};
		C50633791D0EE4B60013E227 /* Build configuration list for PBXNativeTarget "MyLittleMonsterUITests" */ = {
			isa = XCConfigurationList;
			buildConfigurations = (
				C506337A1D0EE4B60013E227 /* Debug */,
				C506337B1D0EE4B60013E227 /* Release */,
			);
			defaultConfigurationIsVisible = 0;
		};
/* End XCConfigurationList section */
	};
	rootObject = C50633431D0EE4B40013E227 /* Project object */;
}
